
Microsoft Visual Studio Solution File, Format Version 11.00
# Visual Studio 2010
Project("{FAE04EC0-301F-11D3-BF4B-00C04F79EFBC}") = "Assembly-CSharp", "Assembly-CSharp.csproj", "{4BFA6945-C87E-EFF5-9B70-C4AC095B77B0}"
EndProject
Project("{FAE04EC0-301F-11D3-BF4B-00C04F79EFBC}") = "Assembly-CSharp-Editor", "Assembly-CSharp-Editor.csproj", "{6C49B136-D420-A40B-D636-461CD8170C60}"
EndProject
Global
	GlobalSection(SolutionConfigurationPlatforms) = preSolution
		Debug|Any CPU = Debug|Any CPU
		Release|Any CPU = Release|Any CPU
	EndGlobalSection
	GlobalSection(ProjectConfigurationPlatforms) = postSolution
		{4BFA6945-C87E-EFF5-9B70-C4AC095B77B0}.Debug|Any CPU.ActiveCfg = Debug|Any CPU
		{4BFA6945-C87E-EFF5-9B70-C4AC095B77B0}.Debug|Any CPU.Build.0 = Debug|Any CPU
		{4BFA6945-C87E-EFF5-9B70-C4AC095B77B0}.Release|Any CPU.ActiveCfg = Release|Any CPU
		{4BFA6945-C87E-EFF5-9B70-C4AC095B77B0}.Release|Any CPU.Build.0 = Release|Any CPU
		{6C49B136-D420-A40B-D636-461CD8170C60}.Debug|Any CPU.ActiveCfg = Debug|Any CPU
		{6C49B136-D420-A40B-D636-461CD8170C60}.Debug|Any CPU.Build.0 = Debug|Any CPU
		{6C49B136-D420-A40B-D636-461CD8170C60}.Release|Any CPU.ActiveCfg = Release|Any CPU
		{6C49B136-D420-A40B-D636-461CD8170C60}.Release|Any CPU.Build.0 = Release|Any CPU
	EndGlobalSection
	GlobalSection(SolutionProperties) = preSolution
		HideSolutionNode = FALSE
	EndGlobalSection
	GlobalSection(MonoDevelopProperties) = preSolution
		StartupItem = Assembly-CSharp.csproj
	EndGlobalSection
EndGlobal
